// !$*UTF8*$!
{
	archiveVersion = 1;
	classes = {
	};
	objectVersion = 46;
	objects = {

/* Begin PBXBuildFile section */
		A9DAD6901B0B6CE80075E4FE /* AppDelegate.swift in Sources */ = {isa = PBXBuildFile; fileRef = A9DAD68F1B0B6CE80075E4FE /* AppDelegate.swift */; };
		A9DAD6921B0B6CE80075E4FE /* ViewController.swift in Sources */ = {isa = PBXBuildFile; fileRef = A9DAD6911B0B6CE80075E4FE /* ViewController.swift */; };
		A9DAD6951B0B6CE80075E4FE /* Main.storyboard in Resources */ = {isa = PBXBuildFile; fileRef = A9DAD6931B0B6CE80075E4FE /* Main.storyboard */; };
		A9DAD6971B0B6CE80075E4FE /* Images.xcassets in Resources */ = {isa = PBXBuildFile; fileRef = A9DAD6961B0B6CE80075E4FE /* Images.xcassets */; };
		A9DAD69A1B0B6CE80075E4FE /* LaunchScreen.xib in Resources */ = {isa = PBXBuildFile; fileRef = A9DAD6981B0B6CE80075E4FE /* LaunchScreen.xib */; };
		A9DAD6A61B0B6CE80075E4FE /* SmashTests.swift in Sources */ = {isa = PBXBuildFile; fileRef = A9DAD6A51B0B6CE80075E4FE /* SmashTests.swift */; };
		A9DBFA911B0BBED500B88C2D /* BallCountView.swift in Sources */ = {isa = PBXBuildFile; fileRef = A9DBFA901B0BBED500B88C2D /* BallCountView.swift */; };
		A9DBFA931B0BBEE500B88C2D /* BallView.swift in Sources */ = {isa = PBXBuildFile; fileRef = A9DBFA921B0BBEE500B88C2D /* BallView.swift */; };
		A9DBFA951B0BBEF500B88C2D /* BrickView.swift in Sources */ = {isa = PBXBuildFile; fileRef = A9DBFA941B0BBEF500B88C2D /* BrickView.swift */; };
		A9DBFA971B0BBF0500B88C2D /* PaddleView.swift in Sources */ = {isa = PBXBuildFile; fileRef = A9DBFA961B0BBF0500B88C2D /* PaddleView.swift */; };
		A9DBFA991B0CCF4300B88C2D /* GameData.swift in Sources */ = {isa = PBXBuildFile; fileRef = A9DBFA981B0CCF4300B88C2D /* GameData.swift */; };
/* End PBXBuildFile section */

/* Begin PBXContainerItemProxy section */
		A9DAD6A01B0B6CE80075E4FE /* PBXContainerItemProxy */ = {
			isa = PBXContainerItemProxy;
			containerPortal = A9DAD6821B0B6CE80075E4FE /* Project object */;
			proxyType = 1;
			remoteGlobalIDString = A9DAD6891B0B6CE80075E4FE;
			remoteInfo = Smash;
		};
/* End PBXContainerItemProxy section */

/* Begin PBXFileReference section */
		A9DAD68A1B0B6CE80075E4FE /* Smash.app */ = {isa = PBXFileReference; explicitFileType = wrapper.application; includeInIndex = 0; path = Smash.app; sourceTree = BUILT_PRODUCTS_DIR; };
		A9DAD68E1B0B6CE80075E4FE /* Info.plist */ = {isa = PBXFileReference; lastKnownFileType = text.plist.xml; path = Info.plist; sourceTree = "<group>"; };
		A9DAD68F1B0B6CE80075E4FE /* AppDelegate.swift */ = {isa = PBXFileReference; lastKnownFileType = sourcecode.swift; path = AppDelegate.swift; sourceTree = "<group>"; };
		A9DAD6911B0B6CE80075E4FE /* ViewController.swift */ = {isa = PBXFileReference; lastKnownFileType = sourcecode.swift; path = ViewController.swift; sourceTree = "<group>"; };
		A9DAD6941B0B6CE80075E4FE /* Base */ = {isa = PBXFileReference; lastKnownFileType = file.storyboard; name = Base; path = Base.lproj/Main.storyboard; sourceTree = "<group>"; };
		A9DAD6961B0B6CE80075E4FE /* Images.xcassets */ = {isa = PBXFileReference; lastKnownFileType = folder.assetcatalog; path = Images.xcassets; sourceTree = "<group>"; };
		A9DAD6991B0B6CE80075E4FE /* Base */ = {isa = PBXFileReference; lastKnownFileType = file.xib; name = Base; path = Base.lproj/LaunchScreen.xib; sourceTree = "<group>"; };
		A9DAD69F1B0B6CE80075E4FE /* SmashTests.xctest */ = {isa = PBXFileReference; explicitFileType = wrapper.cfbundle; includeInIndex = 0; path = SmashTests.xctest; sourceTree = BUILT_PRODUCTS_DIR; };
		A9DAD6A41B0B6CE80075E4FE /* Info.plist */ = {isa = PBXFileReference; lastKnownFileType = text.plist.xml; path = Info.plist; sourceTree = "<group>"; };
		A9DAD6A51B0B6CE80075E4FE /* SmashTests.swift */ = {isa = PBXFileReference; lastKnownFileType = sourcecode.swift; path = SmashTests.swift; sourceTree = "<group>"; };
		A9DBFA901B0BBED500B88C2D /* BallCountView.swift */ = {isa = PBXFileReference; fileEncoding = 4; lastKnownFileType = sourcecode.swift; path = BallCountView.swift; sourceTree = "<group>"; };
		A9DBFA921B0BBEE500B88C2D /* BallView.swift */ = {isa = PBXFileReference; fileEncoding = 4; lastKnownFileType = sourcecode.swift; path = BallView.swift; sourceTree = "<group>"; };
		A9DBFA941B0BBEF500B88C2D /* BrickView.swift */ = {isa = PBXFileReference; fileEncoding = 4; lastKnownFileType = sourcecode.swift; path = BrickView.swift; sourceTree = "<group>"; };
		A9DBFA961B0BBF0500B88C2D /* PaddleView.swift */ = {isa = PBXFileReference; fileEncoding = 4; lastKnownFileType = sourcecode.swift; path = PaddleView.swift; sourceTree = "<group>"; };
		A9DBFA981B0CCF4300B88C2D /* GameData.swift */ = {isa = PBXFileReference; fileEncoding = 4; lastKnownFileType = sourcecode.swift; path = GameData.swift; sourceTree = "<group>"; };
/* End PBXFileReference section */

/* Begin PBXFrameworksBuildPhase section */
		A9DAD6871B0B6CE80075E4FE /* Frameworks */ = {
			isa = PBXFrameworksBuildPhase;
			buildActionMask = 2147483647;
			files = (
			);
			runOnlyForDeploymentPostprocessing = 0;
		};
		A9DAD69C1B0B6CE80075E4FE /* Frameworks */ = {
			isa = PBXFrameworksBuildPhase;
			buildActionMask = 2147483647;
			files = (
			);
			runOnlyForDeploymentPostprocessing = 0;
		};
/* End PBXFrameworksBuildPhase section */

/* Begin PBXGroup section */
		A9DAD6811B0B6CE80075E4FE = {
			isa = PBXGroup;
			children = (
				A9DAD68C1B0B6CE80075E4FE /* Smash */,
				A9DAD6A21B0B6CE80075E4FE /* SmashTests */,
				A9DAD68B1B0B6CE80075E4FE /* Products */,
			);
			sourceTree = "<group>";
		};
		A9DAD68B1B0B6CE80075E4FE /* Products */ = {
			isa = PBXGroup;
			children = (
				A9DAD68A1B0B6CE80075E4FE /* Smash.app */,
				A9DAD69F1B0B6CE80075E4FE /* SmashTests.xctest */,
			);
			name = Products;
			sourceTree = "<group>";
		};
		A9DAD68C1B0B6CE80075E4FE /* Smash */ = {
			isa = PBXGroup;
			children = (
				A9DAD6911B0B6CE80075E4FE /* ViewController.swift */,
				A9DAD6931B0B6CE80075E4FE /* Main.storyboard */,
				A9DBFA901B0BBED500B88C2D /* BallCountView.swift */,
				A9DBFA921B0BBEE500B88C2D /* BallView.swift */,
				A9DBFA941B0BBEF500B88C2D /* BrickView.swift */,
				A9DBFA961B0BBF0500B88C2D /* PaddleView.swift */,
				A9DAD68D1B0B6CE80075E4FE /* Supporting Files */,
				A9DBFA981B0CCF4300B88C2D /* GameData.swift */,
			);
			path = Smash;
			sourceTree = "<group>";
		};
		A9DAD68D1B0B6CE80075E4FE /* Supporting Files */ = {
			isa = PBXGroup;
			children = (
				A9DAD68F1B0B6CE80075E4FE /* AppDelegate.swift */,
				A9DAD6961B0B6CE80075E4FE /* Images.xcassets */,
				A9DAD6981B0B6CE80075E4FE /* LaunchScreen.xib */,
				A9DAD68E1B0B6CE80075E4FE /* Info.plist */,
			);
			name = "Supporting Files";
			sourceTree = "<group>";
		};
		A9DAD6A21B0B6CE80075E4FE /* SmashTests */ = {
			isa = PBXGroup;
			children = (
				A9DAD6A51B0B6CE80075E4FE /* SmashTests.swift */,
				A9DAD6A31B0B6CE80075E4FE /* Supporting Files */,
			);
			path = SmashTests;
			sourceTree = "<group>";
		};
		A9DAD6A31B0B6CE80075E4FE /* Supporting Files */ = {
			isa = PBXGroup;
			children = (
				A9DAD6A41B0B6CE80075E4FE /* Info.plist */,
			);
			name = "Supporting Files";
			sourceTree = "<group>";
		};
/* End PBXGroup section */

/* Begin PBXNativeTarget section */
		A9DAD6891B0B6CE80075E4FE /* Smash */ = {
			isa = PBXNativeTarget;
			buildConfigurationList = A9DAD6A91B0B6CE80075E4FE /* Build configuration list for PBXNativeTarget "Smash" */;
			buildPhases = (
				A9DAD6861B0B6CE80075E4FE /* Sources */,
				A9DAD6871B0B6CE80075E4FE /* Frameworks */,
				A9DAD6881B0B6CE80075E4FE /* Resources */,
			);
			buildRules = (
			);
			dependencies = (
			);
			name = Smash;
			productName = Smash;
			productReference = A9DAD68A1B0B6CE80075E4FE /* Smash.app */;
			productType = "com.apple.product-type.application";
		};
		A9DAD69E1B0B6CE80075E4FE /* SmashTests */ = {
			isa = PBXNativeTarget;
			buildConfigurationList = A9DAD6AC1B0B6CE80075E4FE /* Build configuration list for PBXNativeTarget "SmashTests" */;
			buildPhases = (
				A9DAD69B1B0B6CE80075E4FE /* Sources */,
				A9DAD69C1B0B6CE80075E4FE /* Frameworks */,
				A9DAD69D1B0B6CE80075E4FE /* Resources */,
			);
			buildRules = (
			);
			dependencies = (
				A9DAD6A11B0B6CE80075E4FE /* PBXTargetDependency */,
			);
			name = SmashTests;
			productName = SmashTests;
			productReference = A9DAD69F1B0B6CE80075E4FE /* SmashTests.xctest */;
			productType = "com.apple.product-type.bundle.unit-test";
		};
/* End PBXNativeTarget section */

/* Begin PBXProject section */
		A9DAD6821B0B6CE80075E4FE /* Project object */ = {
			isa = PBXProject;
			attributes = {
				LastUpgradeCheck = 0630;
				ORGANIZATIONNAME = "Jo Albright";
				TargetAttributes = {
					A9DAD6891B0B6CE80075E4FE = {
						CreatedOnToolsVersion = 6.3.1;
					};
					A9DAD69E1B0B6CE80075E4FE = {
						CreatedOnToolsVersion = 6.3.1;
						TestTargetID = A9DAD6891B0B6CE80075E4FE;
					};
				};
			};
			buildConfigurationList = A9DAD6851B0B6CE80075E4FE /* Build configuration list for PBXProject "Smash" */;
			compatibilityVersion = "Xcode 3.2";
			developmentRegion = English;
			hasScannedForEncodings = 0;
			knownRegions = (
				en,
				Base,
			);
			mainGroup = A9DAD6811B0B6CE80075E4FE;
			productRefGroup = A9DAD68B1B0B6CE80075E4FE /* Products */;
			projectDirPath = "";
			projectRoot = "";
			targets = (
				A9DAD6891B0B6CE80075E4FE /* Smash */,
				A9DAD69E1B0B6CE80075E4FE /* SmashTests */,
			);
		};
/* End PBXProject section */

/* Begin PBXResourcesBuildPhase section */
		A9DAD6881B0B6CE80075E4FE /* Resources */ = {
			isa = PBXResourcesBuildPhase;
			buildActionMask = 2147483647;
			files = (
				A9DAD6951B0B6CE80075E4FE /* Main.storyboard in Resources */,
				A9DAD69A1B0B6CE80075E4FE /* LaunchScreen.xib in Resources */,
				A9DAD6971B0B6CE80075E4FE /* Images.xcassets in Resources */,
			);
			runOnlyForDeploymentPostprocessing = 0;
		};
		A9DAD69D1B0B6CE80075E4FE /* Resources */ = {
			isa = PBXResourcesBuildPhase;
			buildActionMask = 2147483647;
			files = (
			);
			runOnlyForDeploymentPostprocessing = 0;
		};
/* End PBXResourcesBuildPhase section */

/* Begin PBXSourcesBuildPhase section */
		A9DAD6861B0B6CE80075E4FE /* Sources */ = {
			isa = PBXSourcesBuildPhase;
			buildActionMask = 2147483647;
			files = (
				A9DAD6921B0B6CE80075E4FE /* ViewController.swift in Sources */,
				A9DBFA911B0BBED500B88C2D /* BallCountView.swift in Sources */,
				A9DBFA951B0BBEF500B88C2D /* BrickView.swift in Sources */,
				A9DAD6901B0B6CE80075E4FE /* AppDelegate.swift in Sources */,
				A9DBFA991B0CCF4300B88C2D /* GameData.swift in Sources */,
				A9DBFA971B0BBF0500B88C2D /* PaddleView.swift in Sources */,
				A9DBFA931B0BBEE500B88C2D /* BallView.swift in Sources */,
			);
			runOnlyForDeploymentPostprocessing = 0;
		};
		A9DAD69B1B0B6CE80075E4FE /* Sources */ = {
			isa = PBXSourcesBuildPhase;
			buildActionMask = 2147483647;
			files = (
				A9DAD6A61B0B6CE80075E4FE /* SmashTests.swift in Sources */,
			);
			runOnlyForDeploymentPostprocessing = 0;
		};
/* End PBXSourcesBuildPhase section */

/* Begin PBXTargetDependency section */
		A9DAD6A11B0B6CE80075E4FE /* PBXTargetDependency */ = {
			isa = PBXTargetDependency;
			target = A9DAD6891B0B6CE80075E4FE /* Smash */;
			targetProxy = A9DAD6A01B0B6CE80075E4FE /* PBXContainerItemProxy */;
		};
/* End PBXTargetDependency section */

/* Begin PBXVariantGroup section */
		A9DAD6931B0B6CE80075E4FE /* Main.storyboard */ = {
			isa = PBXVariantGroup;
			children = (
				A9DAD6941B0B6CE80075E4FE /* Base */,
			);
			name = Main.storyboard;
			sourceTree = "<group>";
		};
		A9DAD6981B0B6CE80075E4FE /* LaunchScreen.xib */ = {
			isa = PBXVariantGroup;
			children = (
				A9DAD6991B0B6CE80075E4FE /* Base */,
			);
			name = LaunchScreen.xib;
			sourceTree = "<group>";
		};
/* End PBXVariantGroup section */

/* Begin XCBuildConfiguration section */
		A9DAD6A71B0B6CE80075E4FE /* Debug */ = {
			isa = XCBuildConfiguration;
			buildSettings = {
				ALWAYS_SEARCH_USER_PATHS = NO;
				CLANG_CXX_LANGUAGE_STANDARD = "gnu++0x";
				CLANG_CXX_LIBRARY = "libc++";
				CLANG_ENABLE_MODULES = YES;
				CLANG_ENABLE_OBJC_ARC = YES;
				CLANG_WARN_BOOL_CONVERSION = YES;
				CLANG_WARN_CONSTANT_CONVERSION = YES;
				CLANG_WARN_DIRECT_OBJC_ISA_USAGE = YES_ERROR;
				CLANG_WARN_EMPTY_BODY = YES;
				CLANG_WARN_ENUM_CONVERSION = YES;
				CLANG_WARN_INT_CONVERSION = YES;
				CLANG_WARN_OBJC_ROOT_CLASS = YES_ERROR;
				CLANG_WARN_UNREACHABLE_CODE = YES;
				CLANG_WARN__DUPLICATE_METHOD_MATCH = YES;
				"CODE_SIGN_IDENTITY[sdk=iphoneos*]" = "iPhone Developer";
				COPY_PHASE_STRIP = NO;
				DEBUG_INFORMATION_FORMAT = "dwarf-with-dsym";
				ENABLE_STRICT_OBJC_MSGSEND = YES;
				GCC_C_LANGUAGE_STANDARD = gnu99;
				GCC_DYNAMIC_NO_PIC = NO;
				GCC_NO_COMMON_BLOCKS = YES;
				GCC_OPTIMIZATION_LEVEL = 0;
				GCC_PREPROCESSOR_DEFINITIONS = (
					"DEBUG=1",
					"$(inherited)",
				);
				GCC_SYMBOLS_PRIVATE_EXTERN = NO;
				GCC_WARN_64_TO_32_BIT_CONVERSION = YES;
				GCC_WARN_ABOUT_RETURN_TYPE = YES_ERROR;
				GCC_WARN_UNDECLARED_SELECTOR = YES;
				GCC_WARN_UNINITIALIZED_AUTOS = YES_AGGRESSIVE;
				GCC_WARN_UNUSED_FUNCTION = YES;
				GCC_WARN_UNUSED_VARIABLE = YES;
				IPHONEOS_DEPLOYMENT_TARGET = 8.3;
				MTL_ENABLE_DEBUG_INFO = YES;
				ONLY_ACTIVE_ARCH = YES;
				SDKROOT = iphoneos;
				SWIFT_OPTIMIZATION_LEVEL = "-Onone";
			};
			name = Debug;
		};
		A9DAD6A81B0B6CE80075E4FE /* Release */ = {
			isa = XCBuildConfiguration;
			buildSettings = {
				ALWAYS_SEARCH_USER_PATHS = NO;
				CLANG_CXX_LANGUAGE_STANDARD = "gnu++0x";
				CLANG_CXX_LIBRARY = "libc++";
				CLANG_ENABLE_MODULES = YES;
				CLANG_ENABLE_OBJC_ARC = YES;
				CLANG_WARN_BOOL_CONVERSION = YES;
				CLANG_WARN_CONSTANT_CONVERSION = YES;
				CLANG_WARN_DIRECT_OBJC_ISA_USAGE = YES_ERROR;
				CLANG_WARN_EMPTY_BODY = YES;
				CLANG_WARN_ENUM_CONVERSION = YES;
				CLANG_WARN_INT_CONVERSION = YES;
				CLANG_WARN_OBJC_ROOT_CLASS = YES_ERROR;
				CLANG_WARN_UNREACHABLE_CODE = YES;
				CLANG_WARN__DUPLICATE_METHOD_MATCH = YES;
				"CODE_SIGN_IDENTITY[sdk=iphoneos*]" = "iPhone Developer";
				COPY_PHASE_STRIP = NO;
				DEBUG_INFORMATION_FORMAT = "dwarf-with-dsym";
				ENABLE_NS_ASSERTIONS = NO;
				ENABLE_STRICT_OBJC_MSGSEND = YES;
				GCC_C_LANGUAGE_STANDARD = gnu99;
				GCC_NO_COMMON_BLOCKS = YES;
				GCC_WARN_64_TO_32_BIT_CONVERSION = YES;
				GCC_WARN_ABOUT_RETURN_TYPE = YES_ERROR;
				GCC_WARN_UNDECLARED_SELECTOR = YES;
				GCC_WARN_UNINITIALIZED_AUTOS = YES_AGGRESSIVE;
				GCC_WARN_UNUSED_FUNCTION = YES;
				GCC_WARN_UNUSED_VARIABLE = YES;
				IPHONEOS_DEPLOYMENT_TARGET = 8.3;
				MTL_ENABLE_DEBUG_INFO = NO;
				SDKROOT = iphoneos;
				VALIDATE_PRODUCT = YES;
			};
			name = Release;
		};
		A9DAD6AA1B0B6CE80075E4FE /* Debug */ = {
			isa = XCBuildConfiguration;
			buildSettings = {
				ASSETCATALOG_COMPILER_APPICON_NAME = AppIcon;
				INFOPLIST_FILE = Smash/Info.plist;
				LD_RUNPATH_SEARCH_PATHS = "$(inherited) @executable_path/Frameworks";
				PRODUCT_NAME = "$(TARGET_NAME)";
			};
			name = Debug;
		};
		A9DAD6AB1B0B6CE80075E4FE /* Release */ = {
			isa = XCBuildConfiguration;
			buildSettings = {
				ASSETCATALOG_COMPILER_APPICON_NAME = AppIcon;
				INFOPLIST_FILE = Smash/Info.plist;
				LD_RUNPATH_SEARCH_PATHS = "$(inherited) @executable_path/Frameworks";
				PRODUCT_NAME = "$(TARGET_NAME)";
			};
			name = Release;
		};
		A9DAD6AD1B0B6CE80075E4FE /* Debug */ = {
			isa = XCBuildConfiguration;
			buildSettings = {
				BUNDLE_LOADER = "$(TEST_HOST)";
				FRAMEWORK_SEARCH_PATHS = (
					"$(SDKROOT)/Developer/Library/Frameworks",
					"$(inherited)",
				);
				GCC_PREPROCESSOR_DEFINITIONS = (
					"DEBUG=1",
					"$(inherited)",
				);
				INFOPLIST_FILE = SmashTests/Info.plist;
				LD_RUNPATH_SEARCH_PATHS = "$(inherited) @executable_path/Frameworks @loader_path/Frameworks";
				PRODUCT_NAME = "$(TARGET_NAME)";
				TEST_HOST = "$(BUILT_PRODUCTS_DIR)/Smash.app/Smash";
			};
			name = Debug;
		};
		A9DAD6AE1B0B6CE80075E4FE /* Release */ = {
			isa = XCBuildConfiguration;
			buildSettings = {
				BUNDLE_LOADER = "$(TEST_HOST)";
				FRAMEWORK_SEARCH_PATHS = (
					"$(SDKROOT)/Developer/Library/Frameworks",
					"$(inherited)",
				);
				INFOPLIST_FILE = SmashTests/Info.plist;
				LD_RUNPATH_SEARCH_PATHS = "$(inherited) @executable_path/Frameworks @loader_path/Frameworks";
				PRODUCT_NAME = "$(TARGET_NAME)";
				TEST_HOST = "$(BUILT_PRODUCTS_DIR)/Smash.app/Smash";
			};
			name = Release;
		};
/* End XCBuildConfiguration section */

/* Begin XCConfigurationList section */
		A9DAD6851B0B6CE80075E4FE /* Build configuration list for PBXProject "Smash" */ = {
			isa = XCConfigurationList;
			buildConfigurations = (
				A9DAD6A71B0B6CE80075E4FE /* Debug */,
				A9DAD6A81B0B6CE80075E4FE /* Release */,
			);
			defaultConfigurationIsVisible = 0;
			defaultConfigurationName = Release;
		};
		A9DAD6A91B0B6CE80075E4FE /* Build configuration list for PBXNativeTarget "Smash" */ = {
			isa = XCConfigurationList;
			buildConfigurations = (
				A9DAD6AA1B0B6CE80075E4FE /* Debug */,
				A9DAD6AB1B0B6CE80075E4FE /* Release */,
			);
			defaultConfigurationIsVisible = 0;
			defaultConfigurationName = Release;
		};
		A9DAD6AC1B0B6CE80075E4FE /* Build configuration list for PBXNativeTarget "SmashTests" */ = {
			isa = XCConfigurationList;
			buildConfigurations = (
				A9DAD6AD1B0B6CE80075E4FE /* Debug */,
				A9DAD6AE1B0B6CE80075E4FE /* Release */,
			);
			defaultConfigurationIsVisible = 0;
			defaultConfigurationName = Release;
		};
/* End XCConfigurationList section */
	};
	rootObject = A9DAD6821B0B6CE80075E4FE /* Project object */;
}
