// !$*UTF8*$!
{
	archiveVersion = 1;
	classes = {
	};
	objectVersion = 46;
	objects = {

/* Begin PBXBuildFile section */
		A9AA86661907F8D100BF560D /* Foundation.framework in Frameworks */ = {isa = PBXBuildFile; fileRef = A9AA86651907F8D100BF560D /* Foundation.framework */; };
		A9AA86681907F8D100BF560D /* CoreGraphics.framework in Frameworks */ = {isa = PBXBuildFile; fileRef = A9AA86671907F8D100BF560D /* CoreGraphics.framework */; };
		A9AA866A1907F8D100BF560D /* UIKit.framework in Frameworks */ = {isa = PBXBuildFile; fileRef = A9AA86691907F8D100BF560D /* UIKit.framework */; };
		A9AA86701907F8D100BF560D /* InfoPlist.strings in Resources */ = {isa = PBXBuildFile; fileRef = A9AA866E1907F8D100BF560D /* InfoPlist.strings */; };
		A9AA86721907F8D100BF560D /* main.m in Sources */ = {isa = PBXBuildFile; fileRef = A9AA86711907F8D100BF560D /* main.m */; };
		A9AA86761907F8D100BF560D /* TLAAppDelegate.m in Sources */ = {isa = PBXBuildFile; fileRef = A9AA86751907F8D100BF560D /* TLAAppDelegate.m */; };
		A9AA86781907F8D100BF560D /* Images.xcassets in Resources */ = {isa = PBXBuildFile; fileRef = A9AA86771907F8D100BF560D /* Images.xcassets */; };
		A9AA867F1907F8D100BF560D /* XCTest.framework in Frameworks */ = {isa = PBXBuildFile; fileRef = A9AA867E1907F8D100BF560D /* XCTest.framework */; };
		A9AA86801907F8D100BF560D /* Foundation.framework in Frameworks */ = {isa = PBXBuildFile; fileRef = A9AA86651907F8D100BF560D /* Foundation.framework */; };
		A9AA86811907F8D100BF560D /* UIKit.framework in Frameworks */ = {isa = PBXBuildFile; fileRef = A9AA86691907F8D100BF560D /* UIKit.framework */; };
		A9AA86891907F8D100BF560D /* InfoPlist.strings in Resources */ = {isa = PBXBuildFile; fileRef = A9AA86871907F8D100BF560D /* InfoPlist.strings */; };
		A9AA868B1907F8D100BF560D /* TweetLikeTests.m in Sources */ = {isa = PBXBuildFile; fileRef = A9AA868A1907F8D100BF560D /* TweetLikeTests.m */; };
		A9AA86961907F8E400BF560D /* TLATableViewController.m in Sources */ = {isa = PBXBuildFile; fileRef = A9AA86951907F8E400BF560D /* TLATableViewController.m */; };
		A9AA86991908058E00BF560D /* TLATableViewCell.m in Sources */ = {isa = PBXBuildFile; fileRef = A9AA86981908058E00BF560D /* TLATableViewCell.m */; };
		A9AA869B190805F300BF560D /* heart.png in Resources */ = {isa = PBXBuildFile; fileRef = A9AA869A190805F300BF560D /* heart.png */; };
		A9AA869E1908188200BF560D /* TLANavController.m in Sources */ = {isa = PBXBuildFile; fileRef = A9AA869D1908188200BF560D /* TLANavController.m */; };
		A9AA86A01908435B00BF560D /* logo.png in Resources */ = {isa = PBXBuildFile; fileRef = A9AA869F1908435B00BF560D /* logo.png */; };
/* End PBXBuildFile section */

/* Begin PBXContainerItemProxy section */
		A9AA86821907F8D100BF560D /* PBXContainerItemProxy */ = {
			isa = PBXContainerItemProxy;
			containerPortal = A9AA865A1907F8D100BF560D /* Project object */;
			proxyType = 1;
			remoteGlobalIDString = A9AA86611907F8D100BF560D;
			remoteInfo = TweetLike;
		};
/* End PBXContainerItemProxy section */

/* Begin PBXFileReference section */
		A9AA86621907F8D100BF560D /* TweetLike.app */ = {isa = PBXFileReference; explicitFileType = wrapper.application; includeInIndex = 0; path = TweetLike.app; sourceTree = BUILT_PRODUCTS_DIR; };
		A9AA86651907F8D100BF560D /* Foundation.framework */ = {isa = PBXFileReference; lastKnownFileType = wrapper.framework; name = Foundation.framework; path = System/Library/Frameworks/Foundation.framework; sourceTree = SDKROOT; };
		A9AA86671907F8D100BF560D /* CoreGraphics.framework */ = {isa = PBXFileReference; lastKnownFileType = wrapper.framework; name = CoreGraphics.framework; path = System/Library/Frameworks/CoreGraphics.framework; sourceTree = SDKROOT; };
		A9AA86691907F8D100BF560D /* UIKit.framework */ = {isa = PBXFileReference; lastKnownFileType = wrapper.framework; name = UIKit.framework; path = System/Library/Frameworks/UIKit.framework; sourceTree = SDKROOT; };
		A9AA866D1907F8D100BF560D /* TweetLike-Info.plist */ = {isa = PBXFileReference; lastKnownFileType = text.plist.xml; path = "TweetLike-Info.plist"; sourceTree = "<group>"; };
		A9AA866F1907F8D100BF560D /* en */ = {isa = PBXFileReference; lastKnownFileType = text.plist.strings; name = en; path = en.lproj/InfoPlist.strings; sourceTree = "<group>"; };
		A9AA86711907F8D100BF560D /* main.m */ = {isa = PBXFileReference; lastKnownFileType = sourcecode.c.objc; path = main.m; sourceTree = "<group>"; };
		A9AA86731907F8D100BF560D /* TweetLike-Prefix.pch */ = {isa = PBXFileReference; lastKnownFileType = sourcecode.c.h; path = "TweetLike-Prefix.pch"; sourceTree = "<group>"; };
		A9AA86741907F8D100BF560D /* TLAAppDelegate.h */ = {isa = PBXFileReference; lastKnownFileType = sourcecode.c.h; path = TLAAppDelegate.h; sourceTree = "<group>"; };
		A9AA86751907F8D100BF560D /* TLAAppDelegate.m */ = {isa = PBXFileReference; lastKnownFileType = sourcecode.c.objc; path = TLAAppDelegate.m; sourceTree = "<group>"; };
		A9AA86771907F8D100BF560D /* Images.xcassets */ = {isa = PBXFileReference; lastKnownFileType = folder.assetcatalog; path = Images.xcassets; sourceTree = "<group>"; };
		A9AA867D1907F8D100BF560D /* TweetLikeTests.xctest */ = {isa = PBXFileReference; explicitFileType = wrapper.cfbundle; includeInIndex = 0; path = TweetLikeTests.xctest; sourceTree = BUILT_PRODUCTS_DIR; };
		A9AA867E1907F8D100BF560D /* XCTest.framework */ = {isa = PBXFileReference; lastKnownFileType = wrapper.framework; name = XCTest.framework; path = Library/Frameworks/XCTest.framework; sourceTree = DEVELOPER_DIR; };
		A9AA86861907F8D100BF560D /* TweetLikeTests-Info.plist */ = {isa = PBXFileReference; lastKnownFileType = text.plist.xml; path = "TweetLikeTests-Info.plist"; sourceTree = "<group>"; };
		A9AA86881907F8D100BF560D /* en */ = {isa = PBXFileReference; lastKnownFileType = text.plist.strings; name = en; path = en.lproj/InfoPlist.strings; sourceTree = "<group>"; };
		A9AA868A1907F8D100BF560D /* TweetLikeTests.m */ = {isa = PBXFileReference; lastKnownFileType = sourcecode.c.objc; path = TweetLikeTests.m; sourceTree = "<group>"; };
		A9AA86941907F8E400BF560D /* TLATableViewController.h */ = {isa = PBXFileReference; fileEncoding = 4; lastKnownFileType = sourcecode.c.h; path = TLATableViewController.h; sourceTree = "<group>"; };
		A9AA86951907F8E400BF560D /* TLATableViewController.m */ = {isa = PBXFileReference; fileEncoding = 4; lastKnownFileType = sourcecode.c.objc; path = TLATableViewController.m; sourceTree = "<group>"; };
		A9AA86971908058E00BF560D /* TLATableViewCell.h */ = {isa = PBXFileReference; fileEncoding = 4; lastKnownFileType = sourcecode.c.h; path = TLATableViewCell.h; sourceTree = "<group>"; };
		A9AA86981908058E00BF560D /* TLATableViewCell.m */ = {isa = PBXFileReference; fileEncoding = 4; lastKnownFileType = sourcecode.c.objc; path = TLATableViewCell.m; sourceTree = "<group>"; };
		A9AA869A190805F300BF560D /* heart.png */ = {isa = PBXFileReference; lastKnownFileType = image.png; path = heart.png; sourceTree = "<group>"; };
		A9AA869C1908188200BF560D /* TLANavController.h */ = {isa = PBXFileReference; fileEncoding = 4; lastKnownFileType = sourcecode.c.h; path = TLANavController.h; sourceTree = "<group>"; };
		A9AA869D1908188200BF560D /* TLANavController.m */ = {isa = PBXFileReference; fileEncoding = 4; lastKnownFileType = sourcecode.c.objc; path = TLANavController.m; sourceTree = "<group>"; };
		A9AA869F1908435B00BF560D /* logo.png */ = {isa = PBXFileReference; lastKnownFileType = image.png; path = logo.png; sourceTree = "<group>"; };
/* End PBXFileReference section */

/* Begin PBXFrameworksBuildPhase section */
		A9AA865F1907F8D100BF560D /* Frameworks */ = {
			isa = PBXFrameworksBuildPhase;
			buildActionMask = 2147483647;
			files = (
				A9AA86681907F8D100BF560D /* CoreGraphics.framework in Frameworks */,
				A9AA866A1907F8D100BF560D /* UIKit.framework in Frameworks */,
				A9AA86661907F8D100BF560D /* Foundation.framework in Frameworks */,
			);
			runOnlyForDeploymentPostprocessing = 0;
		};
		A9AA867A1907F8D100BF560D /* Frameworks */ = {
			isa = PBXFrameworksBuildPhase;
			buildActionMask = 2147483647;
			files = (
				A9AA867F1907F8D100BF560D /* XCTest.framework in Frameworks */,
				A9AA86811907F8D100BF560D /* UIKit.framework in Frameworks */,
				A9AA86801907F8D100BF560D /* Foundation.framework in Frameworks */,
			);
			runOnlyForDeploymentPostprocessing = 0;
		};
/* End PBXFrameworksBuildPhase section */

/* Begin PBXGroup section */
		A9AA86591907F8D100BF560D = {
			isa = PBXGroup;
			children = (
				A9AA869C1908188200BF560D /* TLANavController.h */,
				A9AA869D1908188200BF560D /* TLANavController.m */,
				A9AA869A190805F300BF560D /* heart.png */,
				A9AA869F1908435B00BF560D /* logo.png */,
				A9AA86971908058E00BF560D /* TLATableViewCell.h */,
				A9AA86981908058E00BF560D /* TLATableViewCell.m */,
				A9AA86941907F8E400BF560D /* TLATableViewController.h */,
				A9AA86951907F8E400BF560D /* TLATableViewController.m */,
				A9AA866B1907F8D100BF560D /* TweetLike */,
				A9AA86841907F8D100BF560D /* TweetLikeTests */,
				A9AA86641907F8D100BF560D /* Frameworks */,
				A9AA86631907F8D100BF560D /* Products */,
			);
			sourceTree = "<group>";
		};
		A9AA86631907F8D100BF560D /* Products */ = {
			isa = PBXGroup;
			children = (
				A9AA86621907F8D100BF560D /* TweetLike.app */,
				A9AA867D1907F8D100BF560D /* TweetLikeTests.xctest */,
			);
			name = Products;
			sourceTree = "<group>";
		};
		A9AA86641907F8D100BF560D /* Frameworks */ = {
			isa = PBXGroup;
			children = (
				A9AA86651907F8D100BF560D /* Foundation.framework */,
				A9AA86671907F8D100BF560D /* CoreGraphics.framework */,
				A9AA86691907F8D100BF560D /* UIKit.framework */,
				A9AA867E1907F8D100BF560D /* XCTest.framework */,
			);
			name = Frameworks;
			sourceTree = "<group>";
		};
		A9AA866B1907F8D100BF560D /* TweetLike */ = {
			isa = PBXGroup;
			children = (
				A9AA86741907F8D100BF560D /* TLAAppDelegate.h */,
				A9AA86751907F8D100BF560D /* TLAAppDelegate.m */,
				A9AA86771907F8D100BF560D /* Images.xcassets */,
				A9AA866C1907F8D100BF560D /* Supporting Files */,
			);
			path = TweetLike;
			sourceTree = "<group>";
		};
		A9AA866C1907F8D100BF560D /* Supporting Files */ = {
			isa = PBXGroup;
			children = (
				A9AA866D1907F8D100BF560D /* TweetLike-Info.plist */,
				A9AA866E1907F8D100BF560D /* InfoPlist.strings */,
				A9AA86711907F8D100BF560D /* main.m */,
				A9AA86731907F8D100BF560D /* TweetLike-Prefix.pch */,
			);
			name = "Supporting Files";
			sourceTree = "<group>";
		};
		A9AA86841907F8D100BF560D /* TweetLikeTests */ = {
			isa = PBXGroup;
			children = (
				A9AA868A1907F8D100BF560D /* TweetLikeTests.m */,
				A9AA86851907F8D100BF560D /* Supporting Files */,
			);
			path = TweetLikeTests;
			sourceTree = "<group>";
		};
		A9AA86851907F8D100BF560D /* Supporting Files */ = {
			isa = PBXGroup;
			children = (
				A9AA86861907F8D100BF560D /* TweetLikeTests-Info.plist */,
				A9AA86871907F8D100BF560D /* InfoPlist.strings */,
			);
			name = "Supporting Files";
			sourceTree = "<group>";
		};
/* End PBXGroup section */

/* Begin PBXNativeTarget section */
		A9AA86611907F8D100BF560D /* TweetLike */ = {
			isa = PBXNativeTarget;
			buildConfigurationList = A9AA868E1907F8D100BF560D /* Build configuration list for PBXNativeTarget "TweetLike" */;
			buildPhases = (
				A9AA865E1907F8D100BF560D /* Sources */,
				A9AA865F1907F8D100BF560D /* Frameworks */,
				A9AA86601907F8D100BF560D /* Resources */,
			);
			buildRules = (
			);
			dependencies = (
			);
			name = TweetLike;
			productName = TweetLike;
			productReference = A9AA86621907F8D100BF560D /* TweetLike.app */;
			productType = "com.apple.product-type.application";
		};
		A9AA867C1907F8D100BF560D /* TweetLikeTests */ = {
			isa = PBXNativeTarget;
			buildConfigurationList = A9AA86911907F8D100BF560D /* Build configuration list for PBXNativeTarget "TweetLikeTests" */;
			buildPhases = (
				A9AA86791907F8D100BF560D /* Sources */,
				A9AA867A1907F8D100BF560D /* Frameworks */,
				A9AA867B1907F8D100BF560D /* Resources */,
			);
			buildRules = (
			);
			dependencies = (
				A9AA86831907F8D100BF560D /* PBXTargetDependency */,
			);
			name = TweetLikeTests;
			productName = TweetLikeTests;
			productReference = A9AA867D1907F8D100BF560D /* TweetLikeTests.xctest */;
			productType = "com.apple.product-type.bundle.unit-test";
		};
/* End PBXNativeTarget section */

/* Begin PBXProject section */
		A9AA865A1907F8D100BF560D /* Project object */ = {
			isa = PBXProject;
			attributes = {
				CLASSPREFIX = TLA;
				LastUpgradeCheck = 0510;
				ORGANIZATIONNAME = "Jo Albright";
				TargetAttributes = {
					A9AA867C1907F8D100BF560D = {
						TestTargetID = A9AA86611907F8D100BF560D;
					};
				};
			};
			buildConfigurationList = A9AA865D1907F8D100BF560D /* Build configuration list for PBXProject "TweetLike" */;
			compatibilityVersion = "Xcode 3.2";
			developmentRegion = English;
			hasScannedForEncodings = 0;
			knownRegions = (
				en,
			);
			mainGroup = A9AA86591907F8D100BF560D;
			productRefGroup = A9AA86631907F8D100BF560D /* Products */;
			projectDirPath = "";
			projectRoot = "";
			targets = (
				A9AA86611907F8D100BF560D /* TweetLike */,
				A9AA867C1907F8D100BF560D /* TweetLikeTests */,
			);
		};
/* End PBXProject section */

/* Begin PBXResourcesBuildPhase section */
		A9AA86601907F8D100BF560D /* Resources */ = {
			isa = PBXResourcesBuildPhase;
			buildActionMask = 2147483647;
			files = (
				A9AA86A01908435B00BF560D /* logo.png in Resources */,
				A9AA86701907F8D100BF560D /* InfoPlist.strings in Resources */,
				A9AA869B190805F300BF560D /* heart.png in Resources */,
				A9AA86781907F8D100BF560D /* Images.xcassets in Resources */,
			);
			runOnlyForDeploymentPostprocessing = 0;
		};
		A9AA867B1907F8D100BF560D /* Resources */ = {
			isa = PBXResourcesBuildPhase;
			buildActionMask = 2147483647;
			files = (
				A9AA86891907F8D100BF560D /* InfoPlist.strings in Resources */,
			);
			runOnlyForDeploymentPostprocessing = 0;
		};
/* End PBXResourcesBuildPhase section */

/* Begin PBXSourcesBuildPhase section */
		A9AA865E1907F8D100BF560D /* Sources */ = {
			isa = PBXSourcesBuildPhase;
			buildActionMask = 2147483647;
			files = (
				A9AA86761907F8D100BF560D /* TLAAppDelegate.m in Sources */,
				A9AA86991908058E00BF560D /* TLATableViewCell.m in Sources */,
				A9AA869E1908188200BF560D /* TLANavController.m in Sources */,
				A9AA86721907F8D100BF560D /* main.m in Sources */,
				A9AA86961907F8E400BF560D /* TLATableViewController.m in Sources */,
			);
			runOnlyForDeploymentPostprocessing = 0;
		};
		A9AA86791907F8D100BF560D /* Sources */ = {
			isa = PBXSourcesBuildPhase;
			buildActionMask = 2147483647;
			files = (
				A9AA868B1907F8D100BF560D /* TweetLikeTests.m in Sources */,
			);
			runOnlyForDeploymentPostprocessing = 0;
		};
/* End PBXSourcesBuildPhase section */

/* Begin PBXTargetDependency section */
		A9AA86831907F8D100BF560D /* PBXTargetDependency */ = {
			isa = PBXTargetDependency;
			target = A9AA86611907F8D100BF560D /* TweetLike */;
			targetProxy = A9AA86821907F8D100BF560D /* PBXContainerItemProxy */;
		};
/* End PBXTargetDependency section */

/* Begin PBXVariantGroup section */
		A9AA866E1907F8D100BF560D /* InfoPlist.strings */ = {
			isa = PBXVariantGroup;
			children = (
				A9AA866F1907F8D100BF560D /* en */,
			);
			name = InfoPlist.strings;
			sourceTree = "<group>";
		};
		A9AA86871907F8D100BF560D /* InfoPlist.strings */ = {
			isa = PBXVariantGroup;
			children = (
				A9AA86881907F8D100BF560D /* en */,
			);
			name = InfoPlist.strings;
			sourceTree = "<group>";
		};
/* End PBXVariantGroup section */

/* Begin XCBuildConfiguration section */
		A9AA868C1907F8D100BF560D /* Debug */ = {
			isa = XCBuildConfiguration;
			buildSettings = {
				ALWAYS_SEARCH_USER_PATHS = NO;
				CLANG_CXX_LANGUAGE_STANDARD = "gnu++0x";
				CLANG_CXX_LIBRARY = "libc++";
				CLANG_ENABLE_MODULES = YES;
				CLANG_ENABLE_OBJC_ARC = YES;
				CLANG_WARN_BOOL_CONVERSION = YES;
				CLANG_WARN_CONSTANT_CONVERSION = YES;
				CLANG_WARN_DIRECT_OBJC_ISA_USAGE = YES_ERROR;
				CLANG_WARN_EMPTY_BODY = YES;
				CLANG_WARN_ENUM_CONVERSION = YES;
				CLANG_WARN_INT_CONVERSION = YES;
				CLANG_WARN_OBJC_ROOT_CLASS = YES_ERROR;
				CLANG_WARN__DUPLICATE_METHOD_MATCH = YES;
				"CODE_SIGN_IDENTITY[sdk=iphoneos*]" = "iPhone Developer";
				COPY_PHASE_STRIP = NO;
				GCC_C_LANGUAGE_STANDARD = gnu99;
				GCC_DYNAMIC_NO_PIC = NO;
				GCC_OPTIMIZATION_LEVEL = 0;
				GCC_PREPROCESSOR_DEFINITIONS = (
					"DEBUG=1",
					"$(inherited)",
				);
				GCC_SYMBOLS_PRIVATE_EXTERN = NO;
				GCC_WARN_64_TO_32_BIT_CONVERSION = YES;
				GCC_WARN_ABOUT_RETURN_TYPE = YES_ERROR;
				GCC_WARN_UNDECLARED_SELECTOR = YES;
				GCC_WARN_UNINITIALIZED_AUTOS = YES_AGGRESSIVE;
				GCC_WARN_UNUSED_FUNCTION = YES;
				GCC_WARN_UNUSED_VARIABLE = YES;
				IPHONEOS_DEPLOYMENT_TARGET = 7.1;
				ONLY_ACTIVE_ARCH = YES;
				SDKROOT = iphoneos;
			};
			name = Debug;
		};
		A9AA868D1907F8D100BF560D /* Release */ = {
			isa = XCBuildConfiguration;
			buildSettings = {
				ALWAYS_SEARCH_USER_PATHS = NO;
				CLANG_CXX_LANGUAGE_STANDARD = "gnu++0x";
				CLANG_CXX_LIBRARY = "libc++";
				CLANG_ENABLE_MODULES = YES;
				CLANG_ENABLE_OBJC_ARC = YES;
				CLANG_WARN_BOOL_CONVERSION = YES;
				CLANG_WARN_CONSTANT_CONVERSION = YES;
				CLANG_WARN_DIRECT_OBJC_ISA_USAGE = YES_ERROR;
				CLANG_WARN_EMPTY_BODY = YES;
				CLANG_WARN_ENUM_CONVERSION = YES;
				CLANG_WARN_INT_CONVERSION = YES;
				CLANG_WARN_OBJC_ROOT_CLASS = YES_ERROR;
				CLANG_WARN__DUPLICATE_METHOD_MATCH = YES;
				"CODE_SIGN_IDENTITY[sdk=iphoneos*]" = "iPhone Developer";
				COPY_PHASE_STRIP = YES;
				ENABLE_NS_ASSERTIONS = NO;
				GCC_C_LANGUAGE_STANDARD = gnu99;
				GCC_WARN_64_TO_32_BIT_CONVERSION = YES;
				GCC_WARN_ABOUT_RETURN_TYPE = YES_ERROR;
				GCC_WARN_UNDECLARED_SELECTOR = YES;
				GCC_WARN_UNINITIALIZED_AUTOS = YES_AGGRESSIVE;
				GCC_WARN_UNUSED_FUNCTION = YES;
				GCC_WARN_UNUSED_VARIABLE = YES;
				IPHONEOS_DEPLOYMENT_TARGET = 7.1;
				SDKROOT = iphoneos;
				VALIDATE_PRODUCT = YES;
			};
			name = Release;
		};
		A9AA868F1907F8D100BF560D /* Debug */ = {
			isa = XCBuildConfiguration;
			buildSettings = {
				ASSETCATALOG_COMPILER_APPICON_NAME = AppIcon;
				ASSETCATALOG_COMPILER_LAUNCHIMAGE_NAME = LaunchImage;
				GCC_PRECOMPILE_PREFIX_HEADER = YES;
				GCC_PREFIX_HEADER = "TweetLike/TweetLike-Prefix.pch";
				INFOPLIST_FILE = "TweetLike/TweetLike-Info.plist";
				PRODUCT_NAME = "$(TARGET_NAME)";
				WRAPPER_EXTENSION = app;
			};
			name = Debug;
		};
		A9AA86901907F8D100BF560D /* Release */ = {
			isa = XCBuildConfiguration;
			buildSettings = {
				ASSETCATALOG_COMPILER_APPICON_NAME = AppIcon;
				ASSETCATALOG_COMPILER_LAUNCHIMAGE_NAME = LaunchImage;
				GCC_PRECOMPILE_PREFIX_HEADER = YES;
				GCC_PREFIX_HEADER = "TweetLike/TweetLike-Prefix.pch";
				INFOPLIST_FILE = "TweetLike/TweetLike-Info.plist";
				PRODUCT_NAME = "$(TARGET_NAME)";
				WRAPPER_EXTENSION = app;
			};
			name = Release;
		};
		A9AA86921907F8D100BF560D /* Debug */ = {
			isa = XCBuildConfiguration;
			buildSettings = {
				BUNDLE_LOADER = "$(BUILT_PRODUCTS_DIR)/TweetLike.app/TweetLike";
				FRAMEWORK_SEARCH_PATHS = (
					"$(SDKROOT)/Developer/Library/Frameworks",
					"$(inherited)",
					"$(DEVELOPER_FRAMEWORKS_DIR)",
				);
				GCC_PRECOMPILE_PREFIX_HEADER = YES;
				GCC_PREFIX_HEADER = "TweetLike/TweetLike-Prefix.pch";
				GCC_PREPROCESSOR_DEFINITIONS = (
					"DEBUG=1",
					"$(inherited)",
				);
				INFOPLIST_FILE = "TweetLikeTests/TweetLikeTests-Info.plist";
				PRODUCT_NAME = "$(TARGET_NAME)";
				TEST_HOST = "$(BUNDLE_LOADER)";
				WRAPPER_EXTENSION = xctest;
			};
			name = Debug;
		};
		A9AA86931907F8D100BF560D /* Release */ = {
			isa = XCBuildConfiguration;
			buildSettings = {
				BUNDLE_LOADER = "$(BUILT_PRODUCTS_DIR)/TweetLike.app/TweetLike";
				FRAMEWORK_SEARCH_PATHS = (
					"$(SDKROOT)/Developer/Library/Frameworks",
					"$(inherited)",
					"$(DEVELOPER_FRAMEWORKS_DIR)",
				);
				GCC_PRECOMPILE_PREFIX_HEADER = YES;
				GCC_PREFIX_HEADER = "TweetLike/TweetLike-Prefix.pch";
				INFOPLIST_FILE = "TweetLikeTests/TweetLikeTests-Info.plist";
				PRODUCT_NAME = "$(TARGET_NAME)";
				TEST_HOST = "$(BUNDLE_LOADER)";
				WRAPPER_EXTENSION = xctest;
			};
			name = Release;
		};
/* End XCBuildConfiguration section */

/* Begin XCConfigurationList section */
		A9AA865D1907F8D100BF560D /* Build configuration list for PBXProject "TweetLike" */ = {
			isa = XCConfigurationList;
			buildConfigurations = (
				A9AA868C1907F8D100BF560D /* Debug */,
				A9AA868D1907F8D100BF560D /* Release */,
			);
			defaultConfigurationIsVisible = 0;
			defaultConfigurationName = Release;
		};
		A9AA868E1907F8D100BF560D /* Build configuration list for PBXNativeTarget "TweetLike" */ = {
			isa = XCConfigurationList;
			buildConfigurations = (
				A9AA868F1907F8D100BF560D /* Debug */,
				A9AA86901907F8D100BF560D /* Release */,
			);
			defaultConfigurationIsVisible = 0;
		};
		A9AA86911907F8D100BF560D /* Build configuration list for PBXNativeTarget "TweetLikeTests" */ = {
			isa = XCConfigurationList;
			buildConfigurations = (
				A9AA86921907F8D100BF560D /* Debug */,
				A9AA86931907F8D100BF560D /* Release */,
			);
			defaultConfigurationIsVisible = 0;
		};
/* End XCConfigurationList section */
	};
	rootObject = A9AA865A1907F8D100BF560D /* Project object */;
}
